# THIS IS AN AUTOGENERATED FILE. DO NOT EDIT THIS FILE DIRECTLY.
# yarn lockfile v1


toastify-js@^1.12.0:
  version "1.12.0"
  resolved "https://registry.yarnpkg.com/toastify-js/-/toastify-js-1.12.0.tgz#cc1c4f5c7e7380e854e20bedceb51980ea29f64d"
  integrity sha512-HeMHCO9yLPvP9k0apGSdPUWrUbLnxUKNFzgUoZp1PHCLploIX/4DSQ7V8H25ef+h4iO9n0he7ImfcndnN6nDrQ==
